
Microsoft Visual Studio Solution File, Format Version 12.00
# Visual Studio Version 17
VisualStudioVersion = 17.3.32929.385
MinimumVisualStudioVersion = 10.0.40219.1
Project("{9A19103F-16F7-4668-BE54-9A1E7A4F7556}") = "RickAndMortyAPI", "RickAndMortyAPI\RickAndMortyAPI.csproj", "{267DAD42-6312-4485-B311-8DF58076D4C0}"
EndProject
Project("{9A19103F-16F7-4668-BE54-9A1E7A4F7556}") = "DAL", "DAL\DAL.csproj", "{1599BD1A-9D85-4C8E-91F6-CCB2943E6782}"
EndProject
Project("{9A19103F-16F7-4668-BE54-9A1E7A4F7556}") = "BLL", "BLL\BLL.csproj", "{61F72EA1-D2FC-4551-BD87-A8DA42D0F6D0}"
EndProject
Project("{E53339B2-1760-4266-BCC7-CA923CBCF16C}") = "docker-compose", "docker-compose.dcproj", "{952CE56B-759A-4FB9-B949-B27BD5F651C2}"
EndProject
Global
	GlobalSection(SolutionConfigurationPlatforms) = preSolution
		Debug|Any CPU = Debug|Any CPU
		Release|Any CPU = Release|Any CPU
	EndGlobalSection
	GlobalSection(ProjectConfigurationPlatforms) = postSolution
		{267DAD42-6312-4485-B311-8DF58076D4C0}.Debug|Any CPU.ActiveCfg = Debug|Any CPU
		{267DAD42-6312-4485-B311-8DF58076D4C0}.Debug|Any CPU.Build.0 = Debug|Any CPU
		{267DAD42-6312-4485-B311-8DF58076D4C0}.Release|Any CPU.ActiveCfg = Release|Any CPU
		{267DAD42-6312-4485-B311-8DF58076D4C0}.Release|Any CPU.Build.0 = Release|Any CPU
		{1599BD1A-9D85-4C8E-91F6-CCB2943E6782}.Debug|Any CPU.ActiveCfg = Debug|Any CPU
		{1599BD1A-9D85-4C8E-91F6-CCB2943E6782}.Debug|Any CPU.Build.0 = Debug|Any CPU
		{1599BD1A-9D85-4C8E-91F6-CCB2943E6782}.Release|Any CPU.ActiveCfg = Release|Any CPU
		{1599BD1A-9D85-4C8E-91F6-CCB2943E6782}.Release|Any CPU.Build.0 = Release|Any CPU
		{61F72EA1-D2FC-4551-BD87-A8DA42D0F6D0}.Debug|Any CPU.ActiveCfg = Debug|Any CPU
		{61F72EA1-D2FC-4551-BD87-A8DA42D0F6D0}.Debug|Any CPU.Build.0 = Debug|Any CPU
		{61F72EA1-D2FC-4551-BD87-A8DA42D0F6D0}.Release|Any CPU.ActiveCfg = Release|Any CPU
		{61F72EA1-D2FC-4551-BD87-A8DA42D0F6D0}.Release|Any CPU.Build.0 = Release|Any CPU
		{952CE56B-759A-4FB9-B949-B27BD5F651C2}.Debug|Any CPU.ActiveCfg = Debug|Any CPU
		{952CE56B-759A-4FB9-B949-B27BD5F651C2}.Debug|Any CPU.Build.0 = Debug|Any CPU
		{952CE56B-759A-4FB9-B949-B27BD5F651C2}.Release|Any CPU.ActiveCfg = Release|Any CPU
		{952CE56B-759A-4FB9-B949-B27BD5F651C2}.Release|Any CPU.Build.0 = Release|Any CPU
	EndGlobalSection
	GlobalSection(SolutionProperties) = preSolution
		HideSolutionNode = FALSE
	EndGlobalSection
	GlobalSection(ExtensibilityGlobals) = postSolution
		SolutionGuid = {70235ABC-3A5D-4EB5-8F43-C881D4AAD4B3}
	EndGlobalSection
EndGlobal
